
Microsoft Visual Studio Solution File, Format Version 12.00
# Visual Studio Version 17
VisualStudioVersion = 17.5.33424.131
MinimumVisualStudioVersion = 10.0.40219.1
Project("{FAE04EC0-301F-11D3-BF4B-00C04F79EFBC}") = "Bonus", "Bonus\Bonus.csproj", "{FDBB8131-3D42-43D2-9A6F-5C70F59D94F7}"
EndProject
Global
	GlobalSection(SolutionConfigurationPlatforms) = preSolution
		Debug|Any CPU = Debug|Any CPU
		Release|Any CPU = Release|Any CPU
	EndGlobalSection
	GlobalSection(ProjectConfigurationPlatforms) = postSolution
		{FDBB8131-3D42-43D2-9A6F-5C70F59D94F7}.Debug|Any CPU.ActiveCfg = Debug|Any CPU
		{FDBB8131-3D42-43D2-9A6F-5C70F59D94F7}.Debug|Any CPU.Build.0 = Debug|Any CPU
		{FDBB8131-3D42-43D2-9A6F-5C70F59D94F7}.Release|Any CPU.ActiveCfg = Release|Any CPU
		{FDBB8131-3D42-43D2-9A6F-5C70F59D94F7}.Release|Any CPU.Build.0 = Release|Any CPU
	EndGlobalSection
	GlobalSection(SolutionProperties) = preSolution
		HideSolutionNode = FALSE
	EndGlobalSection
	GlobalSection(ExtensibilityGlobals) = postSolution
		SolutionGuid = {724BA933-7ADD-4D35-9D20-C1D0029FD7DF}
	EndGlobalSection
EndGlobal
